
Microsoft Visual Studio Solution File, Format Version 12.00
Project("{FAE04EC0-301F-11D3-BF4B-00C04F79EFBC}") = "OutlookClone", "OutlookClone\OutlookClone.csproj", "{CDEEBA18-83DE-4884-815E-1A4763A99264}"
EndProject
Global
	GlobalSection(SolutionConfigurationPlatforms) = preSolution
		Debug|Any CPU = Debug|Any CPU
		Release|Any CPU = Release|Any CPU
	EndGlobalSection
	GlobalSection(ProjectConfigurationPlatforms) = postSolution
		{CDEEBA18-83DE-4884-815E-1A4763A99264}.Debug|Any CPU.ActiveCfg = Debug|Any CPU
		{CDEEBA18-83DE-4884-815E-1A4763A99264}.Debug|Any CPU.Build.0 = Debug|Any CPU
		{CDEEBA18-83DE-4884-815E-1A4763A99264}.Release|Any CPU.ActiveCfg = Release|Any CPU
		{CDEEBA18-83DE-4884-815E-1A4763A99264}.Release|Any CPU.Build.0 = Release|Any CPU
	EndGlobalSection
EndGlobal
